
Microsoft Visual Studio Solution File, Format Version 12.00
# Visual Studio Version 16
VisualStudioVersion = 16.0.31229.75
MinimumVisualStudioVersion = 10.0.40219.1
Project("{FAE04EC0-301F-11D3-BF4B-00C04F79EFBC}") = "AspNetCoreSample", "AspNetCoreSample.csproj", "{BB8426A1-B612-4A7A-89A9-4F6A18F33208}"
EndProject
Global
	GlobalSection(SolutionConfigurationPlatforms) = preSolution
		Debug|Any CPU = Debug|Any CPU
		Release|Any CPU = Release|Any CPU
	EndGlobalSection
	GlobalSection(ProjectConfigurationPlatforms) = postSolution
		{BB8426A1-B612-4A7A-89A9-4F6A18F33208}.Debug|Any CPU.ActiveCfg = Debug|Any CPU
		{BB8426A1-B612-4A7A-89A9-4F6A18F33208}.Debug|Any CPU.Build.0 = Debug|Any CPU
		{BB8426A1-B612-4A7A-89A9-4F6A18F33208}.Release|Any CPU.ActiveCfg = Release|Any CPU
		{BB8426A1-B612-4A7A-89A9-4F6A18F33208}.Release|Any CPU.Build.0 = Release|Any CPU
	EndGlobalSection
	GlobalSection(SolutionProperties) = preSolution
		HideSolutionNode = FALSE
	EndGlobalSection
	GlobalSection(ExtensibilityGlobals) = postSolution
		SolutionGuid = {E3FD5C3B-059B-41F0-8D22-6996A02DEC96}
	EndGlobalSection
EndGlobal
